
Microsoft Visual Studio Solution File, Format Version 12.00
# Visual Studio 15
VisualStudioVersion = 15.0.28307.329
MinimumVisualStudioVersion = 10.0.40219.1
Project("{FAE04EC0-301F-11D3-BF4B-00C04F79EFBC}") = "WebApiDotNetCore21", "WebApiDotNetCore21\WebApiDotNetCore21.csproj", "{250B57C7-D10F-48A2-8036-1AC4B139710E}"
EndProject
Global
	GlobalSection(SolutionConfigurationPlatforms) = preSolution
		Debug|Any CPU = Debug|Any CPU
		Release|Any CPU = Release|Any CPU
	EndGlobalSection
	GlobalSection(ProjectConfigurationPlatforms) = postSolution
		{250B57C7-D10F-48A2-8036-1AC4B139710E}.Debug|Any CPU.ActiveCfg = Debug|Any CPU
		{250B57C7-D10F-48A2-8036-1AC4B139710E}.Debug|Any CPU.Build.0 = Debug|Any CPU
		{250B57C7-D10F-48A2-8036-1AC4B139710E}.Release|Any CPU.ActiveCfg = Release|Any CPU
		{250B57C7-D10F-48A2-8036-1AC4B139710E}.Release|Any CPU.Build.0 = Release|Any CPU
	EndGlobalSection
	GlobalSection(SolutionProperties) = preSolution
		HideSolutionNode = FALSE
	EndGlobalSection
	GlobalSection(ExtensibilityGlobals) = postSolution
		SolutionGuid = {9A1F2595-FBE7-47CE-9E16-A24377DCA0E2}
	EndGlobalSection
EndGlobal
